
Microsoft Visual Studio Solution File, Format Version 12.00
# Visual Studio Version 17
VisualStudioVersion = 17.5.001.0
MinimumVisualStudioVersion = 10.0.40219.1
Project("{9A19103F-16F7-4668-BE54-9A1E7A4F7556}") = "WeatherForeCast.Test", "WeatherForeCast.Test.csproj", "{161C2EA5-FD12-49B3-A1B9-8DFDF9065692}"
EndProject
Global
	GlobalSection(SolutionConfigurationPlatforms) = preSolution
		Debug|Any CPU = Debug|Any CPU
		Release|Any CPU = Release|Any CPU
	EndGlobalSection
	GlobalSection(ProjectConfigurationPlatforms) = postSolution
		{161C2EA5-FD12-49B3-A1B9-8DFDF9065692}.Debug|Any CPU.ActiveCfg = Debug|Any CPU
		{161C2EA5-FD12-49B3-A1B9-8DFDF9065692}.Debug|Any CPU.Build.0 = Debug|Any CPU
		{161C2EA5-FD12-49B3-A1B9-8DFDF9065692}.Release|Any CPU.ActiveCfg = Release|Any CPU
		{161C2EA5-FD12-49B3-A1B9-8DFDF9065692}.Release|Any CPU.Build.0 = Release|Any CPU
	EndGlobalSection
	GlobalSection(SolutionProperties) = preSolution
		HideSolutionNode = FALSE
	EndGlobalSection
	GlobalSection(ExtensibilityGlobals) = postSolution
		SolutionGuid = {A6081461-BA95-4424-8C8E-B08AA4B0ACFC}
	EndGlobalSection
EndGlobal
